// !$*UTF8*$!
{
	archiveVersion = 1;
	classes = {
	};
	objectVersion = 56;
	objects = {

/* Begin PBXBuildFile section */
		911AAE4E2A07AC150050B214 /* AppDelegate.swift in Sources */ = {isa = PBXBuildFile; fileRef = 911AAE4D2A07AC150050B214 /* AppDelegate.swift */; };
		911AAE502A07AC150050B214 /* SceneDelegate.swift in Sources */ = {isa = PBXBuildFile; fileRef = 911AAE4F2A07AC150050B214 /* SceneDelegate.swift */; };
		911AAE522A07AC150050B214 /* RMTabViewController.swift in Sources */ = {isa = PBXBuildFile; fileRef = 911AAE512A07AC150050B214 /* RMTabViewController.swift */; };
		911AAE572A07AC170050B214 /* Assets.xcassets in Resources */ = {isa = PBXBuildFile; fileRef = 911AAE562A07AC170050B214 /* Assets.xcassets */; };
		911AAE5A2A07AC170050B214 /* LaunchScreen.storyboard in Resources */ = {isa = PBXBuildFile; fileRef = 911AAE582A07AC170050B214 /* LaunchScreen.storyboard */; };
		911AAE6A2A07B7550050B214 /* RMLocation.swift in Sources */ = {isa = PBXBuildFile; fileRef = 911AAE692A07B7550050B214 /* RMLocation.swift */; };
		911AAE6C2A07B7610050B214 /* RMEpisode.swift in Sources */ = {isa = PBXBuildFile; fileRef = 911AAE6B2A07B7610050B214 /* RMEpisode.swift */; };
		911AAE6E2A07B7730050B214 /* RMCharacter.swift in Sources */ = {isa = PBXBuildFile; fileRef = 911AAE6D2A07B7730050B214 /* RMCharacter.swift */; };
		911AAE712A07B8430050B214 /* RMCharacterViewController.swift in Sources */ = {isa = PBXBuildFile; fileRef = 911AAE702A07B8430050B214 /* RMCharacterViewController.swift */; };
		911AAE732A07B8560050B214 /* RMEpisodeViewController.swift in Sources */ = {isa = PBXBuildFile; fileRef = 911AAE722A07B8560050B214 /* RMEpisodeViewController.swift */; };
		911AAE752A07B8A40050B214 /* RMLocationViewController.swift in Sources */ = {isa = PBXBuildFile; fileRef = 911AAE742A07B8A40050B214 /* RMLocationViewController.swift */; };
		911AAE772A07B8BF0050B214 /* RMSettingsViewController.swift in Sources */ = {isa = PBXBuildFile; fileRef = 911AAE762A07B8BF0050B214 /* RMSettingsViewController.swift */; };
/* End PBXBuildFile section */

/* Begin PBXFileReference section */
		911AAE4A2A07AC150050B214 /* RickAndMorty.app */ = {isa = PBXFileReference; explicitFileType = wrapper.application; includeInIndex = 0; path = RickAndMorty.app; sourceTree = BUILT_PRODUCTS_DIR; };
		911AAE4D2A07AC150050B214 /* AppDelegate.swift */ = {isa = PBXFileReference; lastKnownFileType = sourcecode.swift; path = AppDelegate.swift; sourceTree = "<group>"; };
		911AAE4F2A07AC150050B214 /* SceneDelegate.swift */ = {isa = PBXFileReference; lastKnownFileType = sourcecode.swift; path = SceneDelegate.swift; sourceTree = "<group>"; };
		911AAE512A07AC150050B214 /* RMTabViewController.swift */ = {isa = PBXFileReference; lastKnownFileType = sourcecode.swift; path = RMTabViewController.swift; sourceTree = "<group>"; };
		911AAE562A07AC170050B214 /* Assets.xcassets */ = {isa = PBXFileReference; lastKnownFileType = folder.assetcatalog; path = Assets.xcassets; sourceTree = "<group>"; };
		911AAE592A07AC170050B214 /* Base */ = {isa = PBXFileReference; lastKnownFileType = file.storyboard; name = Base; path = Base.lproj/LaunchScreen.storyboard; sourceTree = "<group>"; };
		911AAE5B2A07AC170050B214 /* Info.plist */ = {isa = PBXFileReference; lastKnownFileType = text.plist.xml; path = Info.plist; sourceTree = "<group>"; };
		911AAE692A07B7550050B214 /* RMLocation.swift */ = {isa = PBXFileReference; lastKnownFileType = sourcecode.swift; path = RMLocation.swift; sourceTree = "<group>"; };
		911AAE6B2A07B7610050B214 /* RMEpisode.swift */ = {isa = PBXFileReference; lastKnownFileType = sourcecode.swift; path = RMEpisode.swift; sourceTree = "<group>"; };
		911AAE6D2A07B7730050B214 /* RMCharacter.swift */ = {isa = PBXFileReference; lastKnownFileType = sourcecode.swift; path = RMCharacter.swift; sourceTree = "<group>"; };
		911AAE702A07B8430050B214 /* RMCharacterViewController.swift */ = {isa = PBXFileReference; lastKnownFileType = sourcecode.swift; path = RMCharacterViewController.swift; sourceTree = "<group>"; };
		911AAE722A07B8560050B214 /* RMEpisodeViewController.swift */ = {isa = PBXFileReference; lastKnownFileType = sourcecode.swift; path = RMEpisodeViewController.swift; sourceTree = "<group>"; };
		911AAE742A07B8A40050B214 /* RMLocationViewController.swift */ = {isa = PBXFileReference; lastKnownFileType = sourcecode.swift; path = RMLocationViewController.swift; sourceTree = "<group>"; };
		911AAE762A07B8BF0050B214 /* RMSettingsViewController.swift */ = {isa = PBXFileReference; lastKnownFileType = sourcecode.swift; path = RMSettingsViewController.swift; sourceTree = "<group>"; };
/* End PBXFileReference section */

/* Begin PBXFrameworksBuildPhase section */
		911AAE472A07AC150050B214 /* Frameworks */ = {
			isa = PBXFrameworksBuildPhase;
			buildActionMask = 2147483647;
			files = (
			);
			runOnlyForDeploymentPostprocessing = 0;
		};
/* End PBXFrameworksBuildPhase section */

/* Begin PBXGroup section */
		911AAE412A07AC150050B214 = {
			isa = PBXGroup;
			children = (
				911AAE4C2A07AC150050B214 /* RickAndMorty */,
				911AAE4B2A07AC150050B214 /* Products */,
			);
			sourceTree = "<group>";
		};
		911AAE4B2A07AC150050B214 /* Products */ = {
			isa = PBXGroup;
			children = (
				911AAE4A2A07AC150050B214 /* RickAndMorty.app */,
			);
			name = Products;
			sourceTree = "<group>";
		};
		911AAE4C2A07AC150050B214 /* RickAndMorty */ = {
			isa = PBXGroup;
			children = (
				911AAE682A07B68E0050B214 /* Resources */,
				911AAE672A07B6870050B214 /* Managers */,
				911AAE662A07B67A0050B214 /* APIClient */,
				911AAE642A07B6480050B214 /* ViewModels */,
				911AAE632A07B6420050B214 /* Views */,
				911AAE622A07B6390050B214 /* Models */,
				911AAE612A07B62A0050B214 /* Controllers */,
				911AAE5B2A07AC170050B214 /* Info.plist */,
			);
			path = RickAndMorty;
			sourceTree = "<group>";
		};
		911AAE612A07B62A0050B214 /* Controllers */ = {
			isa = PBXGroup;
			children = (
				911AAE6F2A07B7EF0050B214 /* Core */,
			);
			path = Controllers;
			sourceTree = "<group>";
		};
		911AAE622A07B6390050B214 /* Models */ = {
			isa = PBXGroup;
			children = (
				911AAE692A07B7550050B214 /* RMLocation.swift */,
				911AAE6B2A07B7610050B214 /* RMEpisode.swift */,
				911AAE6D2A07B7730050B214 /* RMCharacter.swift */,
			);
			path = Models;
			sourceTree = "<group>";
		};
		911AAE632A07B6420050B214 /* Views */ = {
			isa = PBXGroup;
			children = (
			);
			path = Views;
			sourceTree = "<group>";
		};
		911AAE642A07B6480050B214 /* ViewModels */ = {
			isa = PBXGroup;
			children = (
			);
			path = ViewModels;
			sourceTree = "<group>";
		};
		911AAE662A07B67A0050B214 /* APIClient */ = {
			isa = PBXGroup;
			children = (
			);
			path = APIClient;
			sourceTree = "<group>";
		};
		911AAE672A07B6870050B214 /* Managers */ = {
			isa = PBXGroup;
			children = (
			);
			path = Managers;
			sourceTree = "<group>";
		};
		911AAE682A07B68E0050B214 /* Resources */ = {
			isa = PBXGroup;
			children = (
				911AAE562A07AC170050B214 /* Assets.xcassets */,
				911AAE582A07AC170050B214 /* LaunchScreen.storyboard */,
				911AAE4D2A07AC150050B214 /* AppDelegate.swift */,
				911AAE4F2A07AC150050B214 /* SceneDelegate.swift */,
			);
			path = Resources;
			sourceTree = "<group>";
		};
		911AAE6F2A07B7EF0050B214 /* Core */ = {
			isa = PBXGroup;
			children = (
				911AAE512A07AC150050B214 /* RMTabViewController.swift */,
				911AAE702A07B8430050B214 /* RMCharacterViewController.swift */,
				911AAE742A07B8A40050B214 /* RMLocationViewController.swift */,
				911AAE722A07B8560050B214 /* RMEpisodeViewController.swift */,
				911AAE762A07B8BF0050B214 /* RMSettingsViewController.swift */,
			);
			path = Core;
			sourceTree = "<group>";
		};
/* End PBXGroup section */

/* Begin PBXNativeTarget section */
		911AAE492A07AC150050B214 /* RickAndMorty */ = {
			isa = PBXNativeTarget;
			buildConfigurationList = 911AAE5E2A07AC170050B214 /* Build configuration list for PBXNativeTarget "RickAndMorty" */;
			buildPhases = (
				911AAE462A07AC150050B214 /* Sources */,
				911AAE472A07AC150050B214 /* Frameworks */,
				911AAE482A07AC150050B214 /* Resources */,
			);
			buildRules = (
			);
			dependencies = (
			);
			name = RickAndMorty;
			productName = RickAndMorty;
			productReference = 911AAE4A2A07AC150050B214 /* RickAndMorty.app */;
			productType = "com.apple.product-type.application";
		};
/* End PBXNativeTarget section */

/* Begin PBXProject section */
		911AAE422A07AC150050B214 /* Project object */ = {
			isa = PBXProject;
			attributes = {
				BuildIndependentTargetsInParallel = 1;
				LastSwiftUpdateCheck = 1420;
				LastUpgradeCheck = 1420;
				TargetAttributes = {
					911AAE492A07AC150050B214 = {
						CreatedOnToolsVersion = 14.2;
					};
				};
			};
			buildConfigurationList = 911AAE452A07AC150050B214 /* Build configuration list for PBXProject "RickAndMorty" */;
			compatibilityVersion = "Xcode 14.0";
			developmentRegion = en;
			hasScannedForEncodings = 0;
			knownRegions = (
				en,
				Base,
			);
			mainGroup = 911AAE412A07AC150050B214;
			productRefGroup = 911AAE4B2A07AC150050B214 /* Products */;
			projectDirPath = "";
			projectRoot = "";
			targets = (
				911AAE492A07AC150050B214 /* RickAndMorty */,
			);
		};
/* End PBXProject section */

/* Begin PBXResourcesBuildPhase section */
		911AAE482A07AC150050B214 /* Resources */ = {
			isa = PBXResourcesBuildPhase;
			buildActionMask = 2147483647;
			files = (
				911AAE5A2A07AC170050B214 /* LaunchScreen.storyboard in Resources */,
				911AAE572A07AC170050B214 /* Assets.xcassets in Resources */,
			);
			runOnlyForDeploymentPostprocessing = 0;
		};
/* End PBXResourcesBuildPhase section */

/* Begin PBXSourcesBuildPhase section */
		911AAE462A07AC150050B214 /* Sources */ = {
			isa = PBXSourcesBuildPhase;
			buildActionMask = 2147483647;
			files = (
				911AAE752A07B8A40050B214 /* RMLocationViewController.swift in Sources */,
				911AAE6E2A07B7730050B214 /* RMCharacter.swift in Sources */,
				911AAE522A07AC150050B214 /* RMTabViewController.swift in Sources */,
				911AAE4E2A07AC150050B214 /* AppDelegate.swift in Sources */,
				911AAE732A07B8560050B214 /* RMEpisodeViewController.swift in Sources */,
				911AAE6C2A07B7610050B214 /* RMEpisode.swift in Sources */,
				911AAE772A07B8BF0050B214 /* RMSettingsViewController.swift in Sources */,
				911AAE502A07AC150050B214 /* SceneDelegate.swift in Sources */,
				911AAE6A2A07B7550050B214 /* RMLocation.swift in Sources */,
				911AAE712A07B8430050B214 /* RMCharacterViewController.swift in Sources */,
			);
			runOnlyForDeploymentPostprocessing = 0;
		};
/* End PBXSourcesBuildPhase section */

/* Begin PBXVariantGroup section */
		911AAE582A07AC170050B214 /* LaunchScreen.storyboard */ = {
			isa = PBXVariantGroup;
			children = (
				911AAE592A07AC170050B214 /* Base */,
			);
			name = LaunchScreen.storyboard;
			sourceTree = "<group>";
		};
/* End PBXVariantGroup section */

/* Begin XCBuildConfiguration section */
		911AAE5C2A07AC170050B214 /* Debug */ = {
			isa = XCBuildConfiguration;
			buildSettings = {
				ALWAYS_SEARCH_USER_PATHS = NO;
				CLANG_ANALYZER_NONNULL = YES;
				CLANG_ANALYZER_NUMBER_OBJECT_CONVERSION = YES_AGGRESSIVE;
				CLANG_CXX_LANGUAGE_STANDARD = "gnu++20";
				CLANG_ENABLE_MODULES = YES;
				CLANG_ENABLE_OBJC_ARC = YES;
				CLANG_ENABLE_OBJC_WEAK = YES;
				CLANG_WARN_BLOCK_CAPTURE_AUTORELEASING = YES;
				CLANG_WARN_BOOL_CONVERSION = YES;
				CLANG_WARN_COMMA = YES;
				CLANG_WARN_CONSTANT_CONVERSION = YES;
				CLANG_WARN_DEPRECATED_OBJC_IMPLEMENTATIONS = YES;
				CLANG_WARN_DIRECT_OBJC_ISA_USAGE = YES_ERROR;
				CLANG_WARN_DOCUMENTATION_COMMENTS = YES;
				CLANG_WARN_EMPTY_BODY = YES;
				CLANG_WARN_ENUM_CONVERSION = YES;
				CLANG_WARN_INFINITE_RECURSION = YES;
				CLANG_WARN_INT_CONVERSION = YES;
				CLANG_WARN_NON_LITERAL_NULL_CONVERSION = YES;
				CLANG_WARN_OBJC_IMPLICIT_RETAIN_SELF = YES;
				CLANG_WARN_OBJC_LITERAL_CONVERSION = YES;
				CLANG_WARN_OBJC_ROOT_CLASS = YES_ERROR;
				CLANG_WARN_QUOTED_INCLUDE_IN_FRAMEWORK_HEADER = YES;
				CLANG_WARN_RANGE_LOOP_ANALYSIS = YES;
				CLANG_WARN_STRICT_PROTOTYPES = YES;
				CLANG_WARN_SUSPICIOUS_MOVE = YES;
				CLANG_WARN_UNGUARDED_AVAILABILITY = YES_AGGRESSIVE;
				CLANG_WARN_UNREACHABLE_CODE = YES;
				CLANG_WARN__DUPLICATE_METHOD_MATCH = YES;
				COPY_PHASE_STRIP = NO;
				DEBUG_INFORMATION_FORMAT = dwarf;
				ENABLE_STRICT_OBJC_MSGSEND = YES;
				ENABLE_TESTABILITY = YES;
				GCC_C_LANGUAGE_STANDARD = gnu11;
				GCC_DYNAMIC_NO_PIC = NO;
				GCC_NO_COMMON_BLOCKS = YES;
				GCC_OPTIMIZATION_LEVEL = 0;
				GCC_PREPROCESSOR_DEFINITIONS = (
					"DEBUG=1",
					"$(inherited)",
				);
				GCC_WARN_64_TO_32_BIT_CONVERSION = YES;
				GCC_WARN_ABOUT_RETURN_TYPE = YES_ERROR;
				GCC_WARN_UNDECLARED_SELECTOR = YES;
				GCC_WARN_UNINITIALIZED_AUTOS = YES_AGGRESSIVE;
				GCC_WARN_UNUSED_FUNCTION = YES;
				GCC_WARN_UNUSED_VARIABLE = YES;
				IPHONEOS_DEPLOYMENT_TARGET = 16.2;
				MTL_ENABLE_DEBUG_INFO = INCLUDE_SOURCE;
				MTL_FAST_MATH = YES;
				ONLY_ACTIVE_ARCH = YES;
				SDKROOT = iphoneos;
				SWIFT_ACTIVE_COMPILATION_CONDITIONS = DEBUG;
				SWIFT_OPTIMIZATION_LEVEL = "-Onone";
			};
			name = Debug;
		};
		911AAE5D2A07AC170050B214 /* Release */ = {
			isa = XCBuildConfiguration;
			buildSettings = {
				ALWAYS_SEARCH_USER_PATHS = NO;
				CLANG_ANALYZER_NONNULL = YES;
				CLANG_ANALYZER_NUMBER_OBJECT_CONVERSION = YES_AGGRESSIVE;
				CLANG_CXX_LANGUAGE_STANDARD = "gnu++20";
				CLANG_ENABLE_MODULES = YES;
				CLANG_ENABLE_OBJC_ARC = YES;
				CLANG_ENABLE_OBJC_WEAK = YES;
				CLANG_WARN_BLOCK_CAPTURE_AUTORELEASING = YES;
				CLANG_WARN_BOOL_CONVERSION = YES;
				CLANG_WARN_COMMA = YES;
				CLANG_WARN_CONSTANT_CONVERSION = YES;
				CLANG_WARN_DEPRECATED_OBJC_IMPLEMENTATIONS = YES;
				CLANG_WARN_DIRECT_OBJC_ISA_USAGE = YES_ERROR;
				CLANG_WARN_DOCUMENTATION_COMMENTS = YES;
				CLANG_WARN_EMPTY_BODY = YES;
				CLANG_WARN_ENUM_CONVERSION = YES;
				CLANG_WARN_INFINITE_RECURSION = YES;
				CLANG_WARN_INT_CONVERSION = YES;
				CLANG_WARN_NON_LITERAL_NULL_CONVERSION = YES;
				CLANG_WARN_OBJC_IMPLICIT_RETAIN_SELF = YES;
				CLANG_WARN_OBJC_LITERAL_CONVERSION = YES;
				CLANG_WARN_OBJC_ROOT_CLASS = YES_ERROR;
				CLANG_WARN_QUOTED_INCLUDE_IN_FRAMEWORK_HEADER = YES;
				CLANG_WARN_RANGE_LOOP_ANALYSIS = YES;
				CLANG_WARN_STRICT_PROTOTYPES = YES;
				CLANG_WARN_SUSPICIOUS_MOVE = YES;
				CLANG_WARN_UNGUARDED_AVAILABILITY = YES_AGGRESSIVE;
				CLANG_WARN_UNREACHABLE_CODE = YES;
				CLANG_WARN__DUPLICATE_METHOD_MATCH = YES;
				COPY_PHASE_STRIP = NO;
				DEBUG_INFORMATION_FORMAT = "dwarf-with-dsym";
				ENABLE_NS_ASSERTIONS = NO;
				ENABLE_STRICT_OBJC_MSGSEND = YES;
				GCC_C_LANGUAGE_STANDARD = gnu11;
				GCC_NO_COMMON_BLOCKS = YES;
				GCC_WARN_64_TO_32_BIT_CONVERSION = YES;
				GCC_WARN_ABOUT_RETURN_TYPE = YES_ERROR;
				GCC_WARN_UNDECLARED_SELECTOR = YES;
				GCC_WARN_UNINITIALIZED_AUTOS = YES_AGGRESSIVE;
				GCC_WARN_UNUSED_FUNCTION = YES;
				GCC_WARN_UNUSED_VARIABLE = YES;
				IPHONEOS_DEPLOYMENT_TARGET = 16.2;
				MTL_ENABLE_DEBUG_INFO = NO;
				MTL_FAST_MATH = YES;
				SDKROOT = iphoneos;
				SWIFT_COMPILATION_MODE = wholemodule;
				SWIFT_OPTIMIZATION_LEVEL = "-O";
				VALIDATE_PRODUCT = YES;
			};
			name = Release;
		};
		911AAE5F2A07AC170050B214 /* Debug */ = {
			isa = XCBuildConfiguration;
			buildSettings = {
				ASSETCATALOG_COMPILER_APPICON_NAME = AppIcon;
				ASSETCATALOG_COMPILER_GLOBAL_ACCENT_COLOR_NAME = AccentColor;
				CODE_SIGN_STYLE = Automatic;
				CURRENT_PROJECT_VERSION = 1;
				DEVELOPMENT_TEAM = 4HHN856AJR;
				GENERATE_INFOPLIST_FILE = YES;
				INFOPLIST_FILE = RickAndMorty/Info.plist;
				INFOPLIST_KEY_UIApplicationSupportsIndirectInputEvents = YES;
				INFOPLIST_KEY_UILaunchStoryboardName = LaunchScreen;
				INFOPLIST_KEY_UISupportedInterfaceOrientations_iPad = "UIInterfaceOrientationPortrait UIInterfaceOrientationPortraitUpsideDown UIInterfaceOrientationLandscapeLeft UIInterfaceOrientationLandscapeRight";
				INFOPLIST_KEY_UISupportedInterfaceOrientations_iPhone = "UIInterfaceOrientationPortrait UIInterfaceOrientationLandscapeLeft UIInterfaceOrientationLandscapeRight";
				LD_RUNPATH_SEARCH_PATHS = (
					"$(inherited)",
					"@executable_path/Frameworks",
				);
				MARKETING_VERSION = 1.0;
				PRODUCT_BUNDLE_IDENTIFIER = com.betulerkantarci.RickAndMorty;
				PRODUCT_NAME = "$(TARGET_NAME)";
				SWIFT_EMIT_LOC_STRINGS = YES;
				SWIFT_VERSION = 5.0;
				TARGETED_DEVICE_FAMILY = "1,2";
			};
			name = Debug;
		};
		911AAE602A07AC170050B214 /* Release */ = {
			isa = XCBuildConfiguration;
			buildSettings = {
				ASSETCATALOG_COMPILER_APPICON_NAME = AppIcon;
				ASSETCATALOG_COMPILER_GLOBAL_ACCENT_COLOR_NAME = AccentColor;
				CODE_SIGN_STYLE = Automatic;
				CURRENT_PROJECT_VERSION = 1;
				DEVELOPMENT_TEAM = 4HHN856AJR;
				GENERATE_INFOPLIST_FILE = YES;
				INFOPLIST_FILE = RickAndMorty/Info.plist;
				INFOPLIST_KEY_UIApplicationSupportsIndirectInputEvents = YES;
				INFOPLIST_KEY_UILaunchStoryboardName = LaunchScreen;
				INFOPLIST_KEY_UISupportedInterfaceOrientations_iPad = "UIInterfaceOrientationPortrait UIInterfaceOrientationPortraitUpsideDown UIInterfaceOrientationLandscapeLeft UIInterfaceOrientationLandscapeRight";
				INFOPLIST_KEY_UISupportedInterfaceOrientations_iPhone = "UIInterfaceOrientationPortrait UIInterfaceOrientationLandscapeLeft UIInterfaceOrientationLandscapeRight";
				LD_RUNPATH_SEARCH_PATHS = (
					"$(inherited)",
					"@executable_path/Frameworks",
				);
				MARKETING_VERSION = 1.0;
				PRODUCT_BUNDLE_IDENTIFIER = com.betulerkantarci.RickAndMorty;
				PRODUCT_NAME = "$(TARGET_NAME)";
				SWIFT_EMIT_LOC_STRINGS = YES;
				SWIFT_VERSION = 5.0;
				TARGETED_DEVICE_FAMILY = "1,2";
			};
			name = Release;
		};
/* End XCBuildConfiguration section */

/* Begin XCConfigurationList section */
		911AAE452A07AC150050B214 /* Build configuration list for PBXProject "RickAndMorty" */ = {
			isa = XCConfigurationList;
			buildConfigurations = (
				911AAE5C2A07AC170050B214 /* Debug */,
				911AAE5D2A07AC170050B214 /* Release */,
			);
			defaultConfigurationIsVisible = 0;
			defaultConfigurationName = Release;
		};
		911AAE5E2A07AC170050B214 /* Build configuration list for PBXNativeTarget "RickAndMorty" */ = {
			isa = XCConfigurationList;
			buildConfigurations = (
				911AAE5F2A07AC170050B214 /* Debug */,
				911AAE602A07AC170050B214 /* Release */,
			);
			defaultConfigurationIsVisible = 0;
			defaultConfigurationName = Release;
		};
/* End XCConfigurationList section */
	};
	rootObject = 911AAE422A07AC150050B214 /* Project object */;
}
